
Microsoft Visual Studio Solution File, Format Version 12.00
# Visual Studio Version 16
VisualStudioVersion = 16.0.31729.503
MinimumVisualStudioVersion = 10.0.40219.1
Project("{FAE04EC0-301F-11D3-BF4B-00C04F79EFBC}") = "NostralogiaDAL", "NostralogiaDAL\NostralogiaDAL.csproj", "{C3212071-88C0-4833-93EE-1F8FBC084D9C}"
EndProject
Global
	GlobalSection(SolutionConfigurationPlatforms) = preSolution
		Debug|Any CPU = Debug|Any CPU
		Release|Any CPU = Release|Any CPU
	EndGlobalSection
	GlobalSection(ProjectConfigurationPlatforms) = postSolution
		{C3212071-88C0-4833-93EE-1F8FBC084D9C}.Debug|Any CPU.ActiveCfg = Debug|Any CPU
		{C3212071-88C0-4833-93EE-1F8FBC084D9C}.Debug|Any CPU.Build.0 = Debug|Any CPU
		{C3212071-88C0-4833-93EE-1F8FBC084D9C}.Release|Any CPU.ActiveCfg = Release|Any CPU
		{C3212071-88C0-4833-93EE-1F8FBC084D9C}.Release|Any CPU.Build.0 = Release|Any CPU
	EndGlobalSection
	GlobalSection(SolutionProperties) = preSolution
		HideSolutionNode = FALSE
	EndGlobalSection
	GlobalSection(ExtensibilityGlobals) = postSolution
		SolutionGuid = {A0DDD8B4-739B-432A-96C5-AC1110251582}
	EndGlobalSection
EndGlobal
